
Microsoft Visual Studio Solution File, Format Version 12.00
# Visual Studio Version 17
VisualStudioVersion = 17.14.36202.13 d17.14
MinimumVisualStudioVersion = 10.0.40219.1
Project("{FAE04EC0-301F-11D3-BF4B-00C04F79EFBC}") = "Cinema", "Cinema.csproj", "{47D30BAC-F7B1-4B0A-83DE-03D29CEAB559}"
EndProject
Global
	GlobalSection(SolutionConfigurationPlatforms) = preSolution
		Debug|Any CPU = Debug|Any CPU
		Release|Any CPU = Release|Any CPU
	EndGlobalSection
	GlobalSection(ProjectConfigurationPlatforms) = postSolution
		{47D30BAC-F7B1-4B0A-83DE-03D29CEAB559}.Debug|Any CPU.ActiveCfg = Debug|Any CPU
		{47D30BAC-F7B1-4B0A-83DE-03D29CEAB559}.Debug|Any CPU.Build.0 = Debug|Any CPU
		{47D30BAC-F7B1-4B0A-83DE-03D29CEAB559}.Release|Any CPU.ActiveCfg = Release|Any CPU
		{47D30BAC-F7B1-4B0A-83DE-03D29CEAB559}.Release|Any CPU.Build.0 = Release|Any CPU
	EndGlobalSection
	GlobalSection(SolutionProperties) = preSolution
		HideSolutionNode = FALSE
	EndGlobalSection
	GlobalSection(ExtensibilityGlobals) = postSolution
		SolutionGuid = {24BBE399-CC2A-406D-A5D9-1F343A61BE2C}
	EndGlobalSection
EndGlobal
