
Microsoft Visual Studio Solution File, Format Version 12.00
# Visual Studio Version 17
VisualStudioVersion = 17.14.36414.22 d17.14
MinimumVisualStudioVersion = 10.0.40219.1
Project("{FAE04EC0-301F-11D3-BF4B-00C04F79EFBC}") = "Libary", "Libary\Libary.csproj", "{F92804B4-412E-458C-B777-A97B893A44B3}"
EndProject
Global
	GlobalSection(SolutionConfigurationPlatforms) = preSolution
		Debug|Any CPU = Debug|Any CPU
		Release|Any CPU = Release|Any CPU
	EndGlobalSection
	GlobalSection(ProjectConfigurationPlatforms) = postSolution
		{F92804B4-412E-458C-B777-A97B893A44B3}.Debug|Any CPU.ActiveCfg = Debug|Any CPU
		{F92804B4-412E-458C-B777-A97B893A44B3}.Debug|Any CPU.Build.0 = Debug|Any CPU
		{F92804B4-412E-458C-B777-A97B893A44B3}.Release|Any CPU.ActiveCfg = Release|Any CPU
		{F92804B4-412E-458C-B777-A97B893A44B3}.Release|Any CPU.Build.0 = Release|Any CPU
	EndGlobalSection
	GlobalSection(SolutionProperties) = preSolution
		HideSolutionNode = FALSE
	EndGlobalSection
	GlobalSection(ExtensibilityGlobals) = postSolution
		SolutionGuid = {71E7B12B-9ABE-4D5B-B65A-D7362846B331}
	EndGlobalSection
EndGlobal
